version = 1
revision = 2
requires-python = ">=3.9, <=3.13"

[[package]]
name = "beautifulsoup4"
version = "4.13.4"
source = { registry = "https://pypi.org/simple" }
dependencies = [
    { name = "soupsieve" },
    { name = "typing-extensions" },
]
sdist = { url = "https://files.pythonhosted.org/packages/d8/e4/0c4c39e18fd76d6a628d4dd8da40543d136ce2d1752bd6eeeab0791f4d6b/beautifulsoup4-4.13.4.tar.gz", hash = "sha256:dbb3c4e1ceae6aefebdaf2423247260cd062430a410e38c66f2baa50a8437195", size = 621067, upload-time = "2025-04-15T17:05:13.836Z" }
wheels = [
    { url = "https://files.pythonhosted.org/packages/50/cd/30110dc0ffcf3b131156077b90e9f60ed75711223f306da4db08eff8403b/beautifulsoup4-4.13.4-py3-none-any.whl", hash = "sha256:9bbbb14bfde9d79f38b8cd5f8c7c85f4b8f2523190ebed90e950a8dea4cb1c4b", size = 187285, upload-time = "2025-04-15T17:05:12.221Z" },
]

[[package]]
name = "click"
version = "8.1.8"
source = { registry = "https://pypi.org/simple" }
dependencies = [
    { name = "colorama", marker = "sys_platform == 'win32'" },
]
sdist = { url = "https://files.pythonhosted.org/packages/b9/2e/0090cbf739cee7d23781ad4b89a9894a41538e4fcf4c31dcdd705b78eb8b/click-8.1.8.tar.gz", hash = "sha256:ed53c9d8990d83c2a27deae68e4ee337473f6330c040a31d4225c9574d16096a", size = 226593, upload-time = "2024-12-21T18:38:44.339Z" }
wheels = [
    { url = "https://files.pythonhosted.org/packages/7e/d4/7ebdbd03970677812aac39c869717059dbb71a4cfc033ca6e5221787892c/click-8.1.8-py3-none-any.whl", hash = "sha256:63c132bbbed01578a06712a2d1f497bb62d9c1c0d329b7903a866228027263b2", size = 98188, upload-time = "2024-12-21T18:38:41.666Z" },
]

[[package]]
name = "colorama"
version = "0.4.6"
source = { registry = "https://pypi.org/simple" }
sdist = { url = "https://files.pythonhosted.org/packages/d8/53/6f443c9a4a8358a93a6792e2acffb9d9d5cb0a5cfd8802644b7b1c9a02e4/colorama-0.4.6.tar.gz", hash = "sha256:08695f5cb7ed6e0531a20572697297273c47b8cae5a63ffc6d6ed5c201be6e44", size = 27697, upload-time = "2022-10-25T02:36:22.414Z" }
wheels = [
    { url = "https://files.pythonhosted.org/packages/d1/d6/3965ed04c63042e047cb6a3e6ed1a63a35087b6a609aa3a15ed8ac56c221/colorama-0.4.6-py2.py3-none-any.whl", hash = "sha256:4f1d9991f5acc0ca119f9d443620b77f9d6b33703e51011c16baf57afb285fc6", size = 25335, upload-time = "2022-10-25T02:36:20.889Z" },
]

[[package]]
name = "feedparser"
version = "6.0.11"
source = { registry = "https://pypi.org/simple" }
dependencies = [
    { name = "sgmllib3k" },
]
sdist = { url = "https://files.pythonhosted.org/packages/ff/aa/7af346ebeb42a76bf108027fe7f3328bb4e57a3a96e53e21fd9ef9dd6dd0/feedparser-6.0.11.tar.gz", hash = "sha256:c9d0407b64c6f2a065d0ebb292c2b35c01050cc0dc33757461aaabdc4c4184d5", size = 286197, upload-time = "2023-12-10T16:03:20.854Z" }
wheels = [
    { url = "https://files.pythonhosted.org/packages/7c/d4/8c31aad9cc18f451c49f7f9cfb5799dadffc88177f7917bc90a66459b1d7/feedparser-6.0.11-py3-none-any.whl", hash = "sha256:0be7ee7b395572b19ebeb1d6aafb0028dee11169f1c934e0ed67d54992f4ad45", size = 81343, upload-time = "2023-12-10T16:03:19.484Z" },
]

[[package]]
name = "horsebox"
version = "0.1.4"
source = { editable = "." }
dependencies = [
    { name = "beautifulsoup4" },
    { name = "click" },
    { name = "feedparser" },
    { name = "ijson" },
    { name = "tantivy" },
]

[package.optional-dependencies]
dev = [
    { name = "ruff" },
]

[package.metadata]
requires-dist = [
    { name = "beautifulsoup4", specifier = ">=4.13.4" },
    { name = "click", specifier = ">=8.1.8" },
    { name = "feedparser", specifier = ">=6.0.11" },
    { name = "ijson", specifier = ">=3.3.0" },
    { name = "ruff", marker = "extra == 'dev'" },
    { name = "tantivy", specifier = ">=0.24.0" },
]
provides-extras = ["dev"]

[[package]]
name = "ijson"
version = "3.3.0"
source = { registry = "https://pypi.org/simple" }
sdist = { url = "https://files.pythonhosted.org/packages/6c/83/28e9e93a3a61913e334e3a2e78ea9924bb9f9b1ac45898977f9d9dd6133f/ijson-3.3.0.tar.gz", hash = "sha256:7f172e6ba1bee0d4c8f8ebd639577bfe429dee0f3f96775a067b8bae4492d8a0", size = 60079, upload-time = "2024-06-06T08:37:13.026Z" }
wheels = [
    { url = "https://files.pythonhosted.org/packages/ad/89/96e3608499b4a500b9bc27aa8242704e675849dd65bdfa8682b00a92477e/ijson-3.3.0-cp310-cp310-macosx_10_9_universal2.whl", hash = "sha256:7f7a5250599c366369fbf3bc4e176f5daa28eb6bc7d6130d02462ed335361675", size = 85009, upload-time = "2024-06-06T08:34:37.172Z" },
    { url = "https://files.pythonhosted.org/packages/e4/7e/1098503500f5316c5f7912a51c91aca5cbc609c09ce4ecd9c4809983c560/ijson-3.3.0-cp310-cp310-macosx_10_9_x86_64.whl", hash = "sha256:f87a7e52f79059f9c58f6886c262061065eb6f7554a587be7ed3aa63e6b71b34", size = 57796, upload-time = "2024-06-06T08:34:39.35Z" },
    { url = "https://files.pythonhosted.org/packages/78/f7/27b8c27a285628719ff55b68507581c86b551eb162ce810fe51e3e1a25f2/ijson-3.3.0-cp310-cp310-macosx_11_0_arm64.whl", hash = "sha256:b73b493af9e947caed75d329676b1b801d673b17481962823a3e55fe529c8b8b", size = 57218, upload-time = "2024-06-06T08:34:41.651Z" },
    { url = "https://files.pythonhosted.org/packages/0c/c5/1698094cb6a336a223c30e1167cc1b15cdb4bfa75399c1a2eb82fa76cc3c/ijson-3.3.0-cp310-cp310-manylinux_2_17_aarch64.manylinux2014_aarch64.whl", hash = "sha256:d5576415f3d76290b160aa093ff968f8bf6de7d681e16e463a0134106b506f49", size = 117153, upload-time = "2024-06-06T08:34:43.463Z" },
    { url = "https://files.pythonhosted.org/packages/4b/21/c206dda0945bd832cc9b0894596b0efc2cb1819a0ac61d8be1429ac09494/ijson-3.3.0-cp310-cp310-manylinux_2_17_i686.manylinux2014_i686.whl", hash = "sha256:4e9ffe358d5fdd6b878a8a364e96e15ca7ca57b92a48f588378cef315a8b019e", size = 110781, upload-time = "2024-06-06T08:34:45.412Z" },
    { url = "https://files.pythonhosted.org/packages/f4/f5/2d733e64577109a9b255d14d031e44a801fa20df9ccc58b54a31e8ecf9e6/ijson-3.3.0-cp310-cp310-manylinux_2_17_x86_64.manylinux2014_x86_64.whl", hash = "sha256:8643c255a25824ddd0895c59f2319c019e13e949dc37162f876c41a283361527", size = 114527, upload-time = "2024-06-06T08:34:46.66Z" },
    { url = "https://files.pythonhosted.org/packages/8d/a8/78bfee312aa23417b86189a65f30b0edbceaee96dc6a616cc15f611187d1/ijson-3.3.0-cp310-cp310-musllinux_1_2_aarch64.whl", hash = "sha256:df3ab5e078cab19f7eaeef1d5f063103e1ebf8c26d059767b26a6a0ad8b250a3", size = 116824, upload-time = "2024-06-06T08:34:48.471Z" },
    { url = "https://files.pythonhosted.org/packages/5d/a4/aff410f7d6aa1a77ee2ab2d6a2d2758422726270cb149c908a9baf33cf58/ijson-3.3.0-cp310-cp310-musllinux_1_2_i686.whl", hash = "sha256:3dc1fb02c6ed0bae1b4bf96971258bf88aea72051b6e4cebae97cff7090c0607", size = 112647, upload-time = "2024-06-06T08:34:50.339Z" },
    { url = "https://files.pythonhosted.org/packages/77/ee/2b5122dc4713f5a954267147da36e7156240ca21b04ed5295bc0cabf0fbe/ijson-3.3.0-cp310-cp310-musllinux_1_2_x86_64.whl", hash = "sha256:e9afd97339fc5a20f0542c971f90f3ca97e73d3050cdc488d540b63fae45329a", size = 114156, upload-time = "2024-06-06T08:34:51.598Z" },
    { url = "https://files.pythonhosted.org/packages/b3/d7/ad3b266490b60c6939e8a07fd8e4b7e2002aea08eaa9572a016c3e3a9129/ijson-3.3.0-cp310-cp310-win32.whl", hash = "sha256:844c0d1c04c40fd1b60f148dc829d3f69b2de789d0ba239c35136efe9a386529", size = 48931, upload-time = "2024-06-06T08:34:53.995Z" },
    { url = "https://files.pythonhosted.org/packages/0b/68/b9e1c743274c8a23dddb12d2ed13b5f021f6d21669d51ff7fa2e9e6c19df/ijson-3.3.0-cp310-cp310-win_amd64.whl", hash = "sha256:d654d045adafdcc6c100e8e911508a2eedbd2a1b5f93f930ba13ea67d7704ee9", size = 50965, upload-time = "2024-06-06T08:34:55.206Z" },
    { url = "https://files.pythonhosted.org/packages/fd/df/565ba72a6f4b2c833d051af8e2228cfa0b1fef17bb44995c00ad27470c52/ijson-3.3.0-cp311-cp311-macosx_10_9_universal2.whl", hash = "sha256:501dce8eaa537e728aa35810656aa00460a2547dcb60937c8139f36ec344d7fc", size = 85041, upload-time = "2024-06-06T08:34:56.479Z" },
    { url = "https://files.pythonhosted.org/packages/f0/42/1361eaa57ece921d0239881bae6a5e102333be5b6e0102a05ec3caadbd5a/ijson-3.3.0-cp311-cp311-macosx_10_9_x86_64.whl", hash = "sha256:658ba9cad0374d37b38c9893f4864f284cdcc7d32041f9808fba8c7bcaadf134", size = 57829, upload-time = "2024-06-06T08:34:57.632Z" },
    { url = "https://files.pythonhosted.org/packages/f5/b0/143dbfe12e1d1303ea8d8cd6f40e95cea8f03bcad5b79708614a7856c22e/ijson-3.3.0-cp311-cp311-macosx_11_0_arm64.whl", hash = "sha256:2636cb8c0f1023ef16173f4b9a233bcdb1df11c400c603d5f299fac143ca8d70", size = 57217, upload-time = "2024-06-06T08:34:59.397Z" },
    { url = "https://files.pythonhosted.org/packages/0d/80/b3b60c5e5be2839365b03b915718ca462c544fdc71e7a79b7262837995ef/ijson-3.3.0-cp311-cp311-manylinux_2_17_aarch64.manylinux2014_aarch64.whl", hash = "sha256:cd174b90db68c3bcca273e9391934a25d76929d727dc75224bf244446b28b03b", size = 121878, upload-time = "2024-06-06T08:35:01.024Z" },
    { url = "https://files.pythonhosted.org/packages/8d/eb/7560fafa4d40412efddf690cb65a9bf2d3429d6035e544103acbf5561dc4/ijson-3.3.0-cp311-cp311-manylinux_2_17_i686.manylinux2014_i686.whl", hash = "sha256:97a9aea46e2a8371c4cf5386d881de833ed782901ac9f67ebcb63bb3b7d115af", size = 115620, upload-time = "2024-06-06T08:35:02.896Z" },
    { url = "https://files.pythonhosted.org/packages/51/2b/5a34c7841388dce161966e5286931518de832067cd83e6f003d93271e324/ijson-3.3.0-cp311-cp311-manylinux_2_17_x86_64.manylinux2014_x86_64.whl", hash = "sha256:c594c0abe69d9d6099f4ece17763d53072f65ba60b372d8ba6de8695ce6ee39e", size = 119200, upload-time = "2024-06-06T08:35:06.291Z" },
    { url = "https://files.pythonhosted.org/packages/3e/b7/1d64fbec0d0a7b0c02e9ad988a89614532028ead8bb52a2456c92e6ee35a/ijson-3.3.0-cp311-cp311-musllinux_1_2_aarch64.whl", hash = "sha256:8e0ff16c224d9bfe4e9e6bd0395826096cda4a3ef51e6c301e1b61007ee2bd24", size = 121107, upload-time = "2024-06-06T08:35:08.261Z" },
    { url = "https://files.pythonhosted.org/packages/d4/b9/01044f09850bc545ffc85b35aaec473d4f4ca2b6667299033d252c1b60dd/ijson-3.3.0-cp311-cp311-musllinux_1_2_i686.whl", hash = "sha256:0015354011303175eae7e2ef5136414e91de2298e5a2e9580ed100b728c07e51", size = 116658, upload-time = "2024-06-06T08:35:09.99Z" },
    { url = "https://files.pythonhosted.org/packages/fb/0d/53856b61f3d952d299d1695c487e8e28058d01fa2adfba3d6d4b4660c242/ijson-3.3.0-cp311-cp311-musllinux_1_2_x86_64.whl", hash = "sha256:034642558afa57351a0ffe6de89e63907c4cf6849070cc10a3b2542dccda1afe", size = 118186, upload-time = "2024-06-06T08:35:11.561Z" },
    { url = "https://files.pythonhosted.org/packages/95/2d/5bd86e2307dd594840ee51c4e32de953fee837f028acf0f6afb08914cd06/ijson-3.3.0-cp311-cp311-win32.whl", hash = "sha256:192e4b65495978b0bce0c78e859d14772e841724d3269fc1667dc6d2f53cc0ea", size = 48938, upload-time = "2024-06-06T08:35:13.212Z" },
    { url = "https://files.pythonhosted.org/packages/55/e1/4ba2b65b87f67fb19d698984d92635e46d9ce9dd748ce7d009441a586710/ijson-3.3.0-cp311-cp311-win_amd64.whl", hash = "sha256:72e3488453754bdb45c878e31ce557ea87e1eb0f8b4fc610373da35e8074ce42", size = 50972, upload-time = "2024-06-06T08:35:14.698Z" },
    { url = "https://files.pythonhosted.org/packages/8a/4d/3992f7383e26a950e02dc704bc6c5786a080d5c25fe0fc5543ef477c1883/ijson-3.3.0-cp312-cp312-macosx_10_9_universal2.whl", hash = "sha256:988e959f2f3d59ebd9c2962ae71b97c0df58323910d0b368cc190ad07429d1bb", size = 84550, upload-time = "2024-06-06T08:35:16.756Z" },
    { url = "https://files.pythonhosted.org/packages/1b/cc/3d4372e0d0b02a821b982f1fdf10385512dae9b9443c1597719dd37769a9/ijson-3.3.0-cp312-cp312-macosx_10_9_x86_64.whl", hash = "sha256:b2f73f0d0fce5300f23a1383d19b44d103bb113b57a69c36fd95b7c03099b181", size = 57572, upload-time = "2024-06-06T08:35:18.077Z" },
    { url = "https://files.pythonhosted.org/packages/02/de/970d48b1ff9da5d9513c86fdd2acef5cb3415541c8069e0d92a151b84adb/ijson-3.3.0-cp312-cp312-macosx_11_0_arm64.whl", hash = "sha256:0ee57a28c6bf523d7cb0513096e4eb4dac16cd935695049de7608ec110c2b751", size = 56902, upload-time = "2024-06-06T08:35:20.065Z" },
    { url = "https://files.pythonhosted.org/packages/5e/a0/4537722c8b3b05e82c23dfe09a3a64dd1e44a013a5ca58b1e77dfe48b2f1/ijson-3.3.0-cp312-cp312-manylinux_2_17_aarch64.manylinux2014_aarch64.whl", hash = "sha256:e0155a8f079c688c2ccaea05de1ad69877995c547ba3d3612c1c336edc12a3a5", size = 127400, upload-time = "2024-06-06T08:35:21.81Z" },
    { url = "https://files.pythonhosted.org/packages/b2/96/54956062a99cf49f7a7064b573dcd756da0563ce57910dc34e27a473d9b9/ijson-3.3.0-cp312-cp312-manylinux_2_17_i686.manylinux2014_i686.whl", hash = "sha256:7ab00721304af1ae1afa4313ecfa1bf16b07f55ef91e4a5b93aeaa3e2bd7917c", size = 118786, upload-time = "2024-06-06T08:35:23.496Z" },
    { url = "https://files.pythonhosted.org/packages/07/74/795319531c5b5504508f595e631d592957f24bed7ff51a15bc4c61e7b24c/ijson-3.3.0-cp312-cp312-manylinux_2_17_x86_64.manylinux2014_x86_64.whl", hash = "sha256:40ee3821ee90be0f0e95dcf9862d786a7439bd1113e370736bfdf197e9765bfb", size = 126288, upload-time = "2024-06-06T08:35:25.473Z" },
    { url = "https://files.pythonhosted.org/packages/69/6a/e0cec06fbd98851d5d233b59058c1dc2ea767c9bb6feca41aa9164fff769/ijson-3.3.0-cp312-cp312-musllinux_1_2_aarch64.whl", hash = "sha256:da3b6987a0bc3e6d0f721b42c7a0198ef897ae50579547b0345f7f02486898f5", size = 129569, upload-time = "2024-06-06T08:35:26.871Z" },
    { url = "https://files.pythonhosted.org/packages/2a/4f/82c0d896d8dcb175f99ced7d87705057bcd13523998b48a629b90139a0dc/ijson-3.3.0-cp312-cp312-musllinux_1_2_i686.whl", hash = "sha256:63afea5f2d50d931feb20dcc50954e23cef4127606cc0ecf7a27128ed9f9a9e6", size = 121508, upload-time = "2024-06-06T08:35:28.236Z" },
    { url = "https://files.pythonhosted.org/packages/2b/b6/8973474eba4a917885e289d9e138267d3d1f052c2d93b8c968755661a42d/ijson-3.3.0-cp312-cp312-musllinux_1_2_x86_64.whl", hash = "sha256:b5c3e285e0735fd8c5a26d177eca8b52512cdd8687ca86ec77a0c66e9c510182", size = 127896, upload-time = "2024-06-06T08:35:29.61Z" },
    { url = "https://files.pythonhosted.org/packages/94/25/00e66af887adbbe70002e0479c3c2340bdfa17a168e25d4ab5a27b53582d/ijson-3.3.0-cp312-cp312-win32.whl", hash = "sha256:907f3a8674e489abdcb0206723e5560a5cb1fa42470dcc637942d7b10f28b695", size = 49272, upload-time = "2024-06-06T08:35:31.137Z" },
    { url = "https://files.pythonhosted.org/packages/25/a2/e187beee237808b2c417109ae0f4f7ee7c81ecbe9706305d6ac2a509cc45/ijson-3.3.0-cp312-cp312-win_amd64.whl", hash = "sha256:8f890d04ad33262d0c77ead53c85f13abfb82f2c8f078dfbf24b78f59534dfdd", size = 51272, upload-time = "2024-06-06T08:35:32.38Z" },
    { url = "https://files.pythonhosted.org/packages/43/ba/d7a3259db956332f17ba93be2980db020e10c1bd01f610ff7d980b281fbd/ijson-3.3.0-cp39-cp39-macosx_10_9_universal2.whl", hash = "sha256:3c556f5553368dff690c11d0a1fb435d4ff1f84382d904ccc2dc53beb27ba62e", size = 85069, upload-time = "2024-06-06T08:36:22.352Z" },
    { url = "https://files.pythonhosted.org/packages/a4/79/97b47b9110fc5ef92d004e615526de6d16af436e7374098004fa79242440/ijson-3.3.0-cp39-cp39-macosx_10_9_x86_64.whl", hash = "sha256:e4396b55a364a03ff7e71a34828c3ed0c506814dd1f50e16ebed3fc447d5188e", size = 57818, upload-time = "2024-06-06T08:36:24.054Z" },
    { url = "https://files.pythonhosted.org/packages/9d/e7/69ddad6389f4d96c095e89c80b765189facfa2cb51f72f3b6fdfe4dcb815/ijson-3.3.0-cp39-cp39-macosx_11_0_arm64.whl", hash = "sha256:e6850ae33529d1e43791b30575070670070d5fe007c37f5d06aebc1dd152ab3f", size = 57228, upload-time = "2024-06-06T08:36:25.561Z" },
    { url = "https://files.pythonhosted.org/packages/88/84/ba713c8e4f13b0642d7295cc94924fb21e9f26c1fbf71d47fe16f03904f6/ijson-3.3.0-cp39-cp39-manylinux_2_17_aarch64.manylinux2014_aarch64.whl", hash = "sha256:36aa56d68ea8def26778eb21576ae13f27b4a47263a7a2581ab2ef58b8de4451", size = 116369, upload-time = "2024-06-06T08:36:27.355Z" },
    { url = "https://files.pythonhosted.org/packages/a0/27/ed16f80f7be403f2e4892b1c5eecf18c5bff57cbb23c4b059b9eb0b369cc/ijson-3.3.0-cp39-cp39-manylinux_2_17_i686.manylinux2014_i686.whl", hash = "sha256:a7ec759c4a0fc820ad5dc6a58e9c391e7b16edcb618056baedbedbb9ea3b1524", size = 109994, upload-time = "2024-06-06T08:36:29.319Z" },
    { url = "https://files.pythonhosted.org/packages/5d/90/5071a6f491663d3bf1f4f59acfc6d29ea0e0d1aa13a16f06f03fcc4f3497/ijson-3.3.0-cp39-cp39-manylinux_2_17_x86_64.manylinux2014_x86_64.whl", hash = "sha256:b51bab2c4e545dde93cb6d6bb34bf63300b7cd06716f195dd92d9255df728331", size = 113745, upload-time = "2024-06-06T08:36:30.75Z" },
    { url = "https://files.pythonhosted.org/packages/de/e3/e39b7a24c156a5d70c39ffb8383231593e549d2e42dda834758f3934fea8/ijson-3.3.0-cp39-cp39-musllinux_1_2_aarch64.whl", hash = "sha256:92355f95a0e4da96d4c404aa3cff2ff033f9180a9515f813255e1526551298c1", size = 115930, upload-time = "2024-06-06T08:36:32.303Z" },
    { url = "https://files.pythonhosted.org/packages/f3/7a/cd669bf1c65b6b99f4d326e425ef89c02abe62abc36c134e021d8193ecfd/ijson-3.3.0-cp39-cp39-musllinux_1_2_i686.whl", hash = "sha256:8795e88adff5aa3c248c1edce932db003d37a623b5787669ccf205c422b91e4a", size = 111869, upload-time = "2024-06-06T08:36:34.658Z" },
    { url = "https://files.pythonhosted.org/packages/dd/34/69074a83f3769f527c81952c002ae55e7c43814d1fb71621ada79f2e57b7/ijson-3.3.0-cp39-cp39-musllinux_1_2_x86_64.whl", hash = "sha256:8f83f553f4cde6d3d4eaf58ec11c939c94a0ec545c5b287461cafb184f4b3a14", size = 113322, upload-time = "2024-06-06T08:36:36.603Z" },
    { url = "https://files.pythonhosted.org/packages/e3/d8/2762aac7d749ed443a7c3e25ad071fe143f21ea5f3f33e184e2cf8026c86/ijson-3.3.0-cp39-cp39-win32.whl", hash = "sha256:ead50635fb56577c07eff3e557dac39533e0fe603000684eea2af3ed1ad8f941", size = 48961, upload-time = "2024-06-06T08:36:38.009Z" },
    { url = "https://files.pythonhosted.org/packages/b0/9a/16a68841edea8168a58b200d7b46a7670349ecd35a75bcb96fd84092f603/ijson-3.3.0-cp39-cp39-win_amd64.whl", hash = "sha256:c8a9befb0c0369f0cf5c1b94178d0d78f66d9cebb9265b36be6e4f66236076b8", size = 50985, upload-time = "2024-06-06T08:36:39.369Z" },
    { url = "https://files.pythonhosted.org/packages/c3/28/2e1cf00abe5d97aef074e7835b86a94c9a06be4629a0e2c12600792b51ba/ijson-3.3.0-pp310-pypy310_pp73-macosx_10_9_x86_64.whl", hash = "sha256:2af323a8aec8a50fa9effa6d640691a30a9f8c4925bd5364a1ca97f1ac6b9b5c", size = 54308, upload-time = "2024-06-06T08:36:41.127Z" },
    { url = "https://files.pythonhosted.org/packages/04/d2/8c541c28da4f931bac8177e251efe2b6902f7c486d2d4bdd669eed4ff5c0/ijson-3.3.0-pp310-pypy310_pp73-manylinux_2_17_aarch64.manylinux2014_aarch64.whl", hash = "sha256:f64f01795119880023ba3ce43072283a393f0b90f52b66cc0ea1a89aa64a9ccb", size = 66010, upload-time = "2024-06-06T08:36:43.079Z" },
    { url = "https://files.pythonhosted.org/packages/d0/02/8fec0b9037a368811dba7901035e8e0973ebda308f57f30c42101a16a5f7/ijson-3.3.0-pp310-pypy310_pp73-manylinux_2_17_i686.manylinux2014_i686.whl", hash = "sha256:a716e05547a39b788deaf22725490855337fc36613288aa8ae1601dc8c525553", size = 66770, upload-time = "2024-06-06T08:36:44.468Z" },
    { url = "https://files.pythonhosted.org/packages/47/23/90c61f978c83647112460047ea0137bde9c7fe26600ce255bb3e17ea7a21/ijson-3.3.0-pp310-pypy310_pp73-manylinux_2_17_x86_64.manylinux2014_x86_64.whl", hash = "sha256:473f5d921fadc135d1ad698e2697025045cd8ed7e5e842258295012d8a3bc702", size = 64159, upload-time = "2024-06-06T08:36:45.887Z" },
    { url = "https://files.pythonhosted.org/packages/20/af/aab1a36072590af62d848f03981f1c587ca40a391fc61e418e388d8b0d46/ijson-3.3.0-pp310-pypy310_pp73-win_amd64.whl", hash = "sha256:dd26b396bc3a1e85f4acebeadbf627fa6117b97f4c10b177d5779577c6607744", size = 51095, upload-time = "2024-06-06T08:36:47.414Z" },
    { url = "https://files.pythonhosted.org/packages/ee/38/7e1988ff3b6eb4fc9f3639ac7bbb7ae3a37d574f212635e3bf0106b6d78d/ijson-3.3.0-pp39-pypy39_pp73-macosx_10_9_x86_64.whl", hash = "sha256:891f95c036df1bc95309951940f8eea8537f102fa65715cdc5aae20b8523813b", size = 54336, upload-time = "2024-06-06T08:37:04.942Z" },
    { url = "https://files.pythonhosted.org/packages/e6/8d/556e94b4f7e0c68a35597036ad9329b3edadfc6da260c749e2b55b310798/ijson-3.3.0-pp39-pypy39_pp73-manylinux_2_17_aarch64.manylinux2014_aarch64.whl", hash = "sha256:ed1336a2a6e5c427f419da0154e775834abcbc8ddd703004108121c6dd9eba9d", size = 66028, upload-time = "2024-06-06T08:37:06.648Z" },
    { url = "https://files.pythonhosted.org/packages/ba/bb/3ef5b0298e8e4524ed9aa338ec224cb159b5f9b8cace05be3a6c5c01bd10/ijson-3.3.0-pp39-pypy39_pp73-manylinux_2_17_i686.manylinux2014_i686.whl", hash = "sha256:f0c819f83e4f7b7f7463b2dc10d626a8be0c85fbc7b3db0edc098c2b16ac968e", size = 66796, upload-time = "2024-06-06T08:37:08.104Z" },
    { url = "https://files.pythonhosted.org/packages/2e/c1/d1507639ad7a9f1673a16a6e0993524a65d85e4f65cde1097039c3dfdaba/ijson-3.3.0-pp39-pypy39_pp73-manylinux_2_17_x86_64.manylinux2014_x86_64.whl", hash = "sha256:33afc25057377a6a43c892de34d229a86f89ea6c4ca3dd3db0dcd17becae0dbb", size = 64215, upload-time = "2024-06-06T08:37:09.81Z" },
    { url = "https://files.pythonhosted.org/packages/1b/36/92ea416ff6383e66d83a576347b7edd9b0aa22cd3bd16c42dbb3608a105b/ijson-3.3.0-pp39-pypy39_pp73-win_amd64.whl", hash = "sha256:7914d0cf083471856e9bc2001102a20f08e82311dfc8cf1a91aa422f9414a0d6", size = 51107, upload-time = "2024-06-06T08:37:11.494Z" },
]

[[package]]
name = "ruff"
version = "0.11.6"
source = { registry = "https://pypi.org/simple" }
sdist = { url = "https://files.pythonhosted.org/packages/d9/11/bcef6784c7e5d200b8a1f5c2ddf53e5da0efec37e6e5a44d163fb97e04ba/ruff-0.11.6.tar.gz", hash = "sha256:bec8bcc3ac228a45ccc811e45f7eb61b950dbf4cf31a67fa89352574b01c7d79", size = 4010053, upload-time = "2025-04-17T13:35:53.905Z" }
wheels = [
    { url = "https://files.pythonhosted.org/packages/6e/1f/8848b625100ebcc8740c8bac5b5dd8ba97dd4ee210970e98832092c1635b/ruff-0.11.6-py3-none-linux_armv6l.whl", hash = "sha256:d84dcbe74cf9356d1bdb4a78cf74fd47c740bf7bdeb7529068f69b08272239a1", size = 10248105, upload-time = "2025-04-17T13:35:14.758Z" },
    { url = "https://files.pythonhosted.org/packages/e0/47/c44036e70c6cc11e6ee24399c2a1e1f1e99be5152bd7dff0190e4b325b76/ruff-0.11.6-py3-none-macosx_10_12_x86_64.whl", hash = "sha256:9bc583628e1096148011a5d51ff3c836f51899e61112e03e5f2b1573a9b726de", size = 11001494, upload-time = "2025-04-17T13:35:18.444Z" },
    { url = "https://files.pythonhosted.org/packages/ed/5b/170444061650202d84d316e8f112de02d092bff71fafe060d3542f5bc5df/ruff-0.11.6-py3-none-macosx_11_0_arm64.whl", hash = "sha256:f2959049faeb5ba5e3b378709e9d1bf0cab06528b306b9dd6ebd2a312127964a", size = 10352151, upload-time = "2025-04-17T13:35:20.563Z" },
    { url = "https://files.pythonhosted.org/packages/ff/91/f02839fb3787c678e112c8865f2c3e87cfe1744dcc96ff9fc56cfb97dda2/ruff-0.11.6-py3-none-manylinux_2_17_aarch64.manylinux2014_aarch64.whl", hash = "sha256:63c5d4e30d9d0de7fedbfb3e9e20d134b73a30c1e74b596f40f0629d5c28a193", size = 10541951, upload-time = "2025-04-17T13:35:22.522Z" },
    { url = "https://files.pythonhosted.org/packages/9e/f3/c09933306096ff7a08abede3cc2534d6fcf5529ccd26504c16bf363989b5/ruff-0.11.6-py3-none-manylinux_2_17_armv7l.manylinux2014_armv7l.whl", hash = "sha256:26a4b9a4e1439f7d0a091c6763a100cef8fbdc10d68593df6f3cfa5abdd9246e", size = 10079195, upload-time = "2025-04-17T13:35:24.485Z" },
    { url = "https://files.pythonhosted.org/packages/e0/0d/a87f8933fccbc0d8c653cfbf44bedda69c9582ba09210a309c066794e2ee/ruff-0.11.6-py3-none-manylinux_2_17_i686.manylinux2014_i686.whl", hash = "sha256:b5edf270223dd622218256569636dc3e708c2cb989242262fe378609eccf1308", size = 11698918, upload-time = "2025-04-17T13:35:26.504Z" },
    { url = "https://files.pythonhosted.org/packages/52/7d/8eac0bd083ea8a0b55b7e4628428203441ca68cd55e0b67c135a4bc6e309/ruff-0.11.6-py3-none-manylinux_2_17_ppc64.manylinux2014_ppc64.whl", hash = "sha256:f55844e818206a9dd31ff27f91385afb538067e2dc0beb05f82c293ab84f7d55", size = 12319426, upload-time = "2025-04-17T13:35:28.452Z" },
    { url = "https://files.pythonhosted.org/packages/c2/dc/d0c17d875662d0c86fadcf4ca014ab2001f867621b793d5d7eef01b9dcce/ruff-0.11.6-py3-none-manylinux_2_17_ppc64le.manylinux2014_ppc64le.whl", hash = "sha256:1d8f782286c5ff562e4e00344f954b9320026d8e3fae2ba9e6948443fafd9ffc", size = 11791012, upload-time = "2025-04-17T13:35:30.455Z" },
    { url = "https://files.pythonhosted.org/packages/f9/f3/81a1aea17f1065449a72509fc7ccc3659cf93148b136ff2a8291c4bc3ef1/ruff-0.11.6-py3-none-manylinux_2_17_s390x.manylinux2014_s390x.whl", hash = "sha256:01c63ba219514271cee955cd0adc26a4083df1956d57847978383b0e50ffd7d2", size = 13949947, upload-time = "2025-04-17T13:35:33.133Z" },
    { url = "https://files.pythonhosted.org/packages/61/9f/a3e34de425a668284e7024ee6fd41f452f6fa9d817f1f3495b46e5e3a407/ruff-0.11.6-py3-none-manylinux_2_17_x86_64.manylinux2014_x86_64.whl", hash = "sha256:15adac20ef2ca296dd3d8e2bedc6202ea6de81c091a74661c3666e5c4c223ff6", size = 11471753, upload-time = "2025-04-17T13:35:35.416Z" },
    { url = "https://files.pythonhosted.org/packages/df/c5/4a57a86d12542c0f6e2744f262257b2aa5a3783098ec14e40f3e4b3a354a/ruff-0.11.6-py3-none-musllinux_1_2_aarch64.whl", hash = "sha256:4dd6b09e98144ad7aec026f5588e493c65057d1b387dd937d7787baa531d9bc2", size = 10417121, upload-time = "2025-04-17T13:35:38.224Z" },
    { url = "https://files.pythonhosted.org/packages/58/3f/a3b4346dff07ef5b862e2ba06d98fcbf71f66f04cf01d375e871382b5e4b/ruff-0.11.6-py3-none-musllinux_1_2_armv7l.whl", hash = "sha256:45b2e1d6c0eed89c248d024ea95074d0e09988d8e7b1dad8d3ab9a67017a5b03", size = 10073829, upload-time = "2025-04-17T13:35:40.255Z" },
    { url = "https://files.pythonhosted.org/packages/93/cc/7ed02e0b86a649216b845b3ac66ed55d8aa86f5898c5f1691797f408fcb9/ruff-0.11.6-py3-none-musllinux_1_2_i686.whl", hash = "sha256:bd40de4115b2ec4850302f1a1d8067f42e70b4990b68838ccb9ccd9f110c5e8b", size = 11076108, upload-time = "2025-04-17T13:35:42.559Z" },
    { url = "https://files.pythonhosted.org/packages/39/5e/5b09840fef0eff1a6fa1dea6296c07d09c17cb6fb94ed5593aa591b50460/ruff-0.11.6-py3-none-musllinux_1_2_x86_64.whl", hash = "sha256:77cda2dfbac1ab73aef5e514c4cbfc4ec1fbef4b84a44c736cc26f61b3814cd9", size = 11512366, upload-time = "2025-04-17T13:35:45.702Z" },
    { url = "https://files.pythonhosted.org/packages/6f/4c/1cd5a84a412d3626335ae69f5f9de2bb554eea0faf46deb1f0cb48534042/ruff-0.11.6-py3-none-win32.whl", hash = "sha256:5151a871554be3036cd6e51d0ec6eef56334d74dfe1702de717a995ee3d5b287", size = 10485900, upload-time = "2025-04-17T13:35:47.695Z" },
    { url = "https://files.pythonhosted.org/packages/42/46/8997872bc44d43df986491c18d4418f1caff03bc47b7f381261d62c23442/ruff-0.11.6-py3-none-win_amd64.whl", hash = "sha256:cce85721d09c51f3b782c331b0abd07e9d7d5f775840379c640606d3159cae0e", size = 11558592, upload-time = "2025-04-17T13:35:49.837Z" },
    { url = "https://files.pythonhosted.org/packages/d7/6a/65fecd51a9ca19e1477c3879a7fda24f8904174d1275b419422ac00f6eee/ruff-0.11.6-py3-none-win_arm64.whl", hash = "sha256:3567ba0d07fb170b1b48d944715e3294b77f5b7679e8ba258199a250383ccb79", size = 10682766, upload-time = "2025-04-17T13:35:52.014Z" },
]

[[package]]
name = "sgmllib3k"
version = "1.0.0"
source = { registry = "https://pypi.org/simple" }
sdist = { url = "https://files.pythonhosted.org/packages/9e/bd/3704a8c3e0942d711c1299ebf7b9091930adae6675d7c8f476a7ce48653c/sgmllib3k-1.0.0.tar.gz", hash = "sha256:7868fb1c8bfa764c1ac563d3cf369c381d1325d36124933a726f29fcdaa812e9", size = 5750, upload-time = "2010-08-24T14:33:52.445Z" }

[[package]]
name = "soupsieve"
version = "2.7"
source = { registry = "https://pypi.org/simple" }
sdist = { url = "https://files.pythonhosted.org/packages/3f/f4/4a80cd6ef364b2e8b65b15816a843c0980f7a5a2b4dc701fc574952aa19f/soupsieve-2.7.tar.gz", hash = "sha256:ad282f9b6926286d2ead4750552c8a6142bc4c783fd66b0293547c8fe6ae126a", size = 103418, upload-time = "2025-04-20T18:50:08.518Z" }
wheels = [
    { url = "https://files.pythonhosted.org/packages/e7/9c/0e6afc12c269578be5c0c1c9f4b49a8d32770a080260c333ac04cc1c832d/soupsieve-2.7-py3-none-any.whl", hash = "sha256:6e60cc5c1ffaf1cebcc12e8188320b72071e922c2e897f737cadce79ad5d30c4", size = 36677, upload-time = "2025-04-20T18:50:07.196Z" },
]

[[package]]
name = "tantivy"
version = "0.24.0"
source = { registry = "https://pypi.org/simple" }
sdist = { url = "https://files.pythonhosted.org/packages/ac/0b/e0ed45e9e2cd8dc09b4ec1a1a99cb4148dfc81a628d0c6fc9ecfe778e5e2/tantivy-0.24.0.tar.gz", hash = "sha256:70085830512501dc8104f4d7ae68c7b8f7a2c1d489fbfc6fe411184d5803710a", size = 70820, upload-time = "2025-05-06T08:43:32.618Z" }
wheels = [
    { url = "https://files.pythonhosted.org/packages/15/5c/328e02995f5b32a3d4d375d376a63744b9d45393157ac1218181e38e58ff/tantivy-0.24.0-cp310-cp310-macosx_10_12_x86_64.macosx_11_0_arm64.macosx_10_12_universal2.whl", hash = "sha256:1ebb01b1d54b9034d86b9ba73f395e99a4395df0ac375a3bc4c894895755e803", size = 7369377, upload-time = "2025-05-06T08:42:49.471Z" },
    { url = "https://files.pythonhosted.org/packages/78/24/09614bae6d14d8e9f3fcd49d8fcd6f7715a334b5531a84e2d4eabc973a47/tantivy-0.24.0-cp310-cp310-macosx_10_12_x86_64.whl", hash = "sha256:d272d5a44104f7c2c0e0fde9c92abab5dff5a7c35576fbc6072be48ce7d18fe0", size = 3810646, upload-time = "2025-05-06T08:42:51.291Z" },
    { url = "https://files.pythonhosted.org/packages/d2/6c/6adf242b21343d105f49d6ff9c8d78b9765e4f88a6dc39aec2e101ee0803/tantivy-0.24.0-cp310-cp310-manylinux_2_17_aarch64.manylinux2014_aarch64.whl", hash = "sha256:3df864d2b50b57c528ea0ea6b708b405eb9545d8a77d465ceae364f0bff5c938", size = 4010261, upload-time = "2025-05-06T08:42:52.719Z" },
    { url = "https://files.pythonhosted.org/packages/ee/f7/b3f51330b176a48b9b951003a3836c2f1fe11ddee70c16e447bcfb2df523/tantivy-0.24.0-cp310-cp310-manylinux_2_17_x86_64.manylinux2014_x86_64.whl", hash = "sha256:29e32e23fa2988ff82c0904b83239466d17bf0027a0f76982c3b58fd715c731d", size = 4137017, upload-time = "2025-05-06T08:42:54.415Z" },
    { url = "https://files.pythonhosted.org/packages/3e/5b/0541c064e3b63118cd0bfabfc8d82708cc1775ccade17bd7b1972ebc61a2/tantivy-0.24.0-cp310-none-win_amd64.whl", hash = "sha256:71d7590b36c2cd5dca08983b4af87cae80c402892d720f4101fc8a4e144f322b", size = 3234376, upload-time = "2025-05-06T08:42:55.798Z" },
    { url = "https://files.pythonhosted.org/packages/d4/b1/12d7198646fd659c7295df6e7223e9e70a562973ebf9cf3c850cff2166d8/tantivy-0.24.0-cp311-cp311-macosx_10_12_x86_64.macosx_11_0_arm64.macosx_10_12_universal2.whl", hash = "sha256:0af621585a65016a7104adc5b4ab93be7510ee1e5e26a7034557c7efbae1a519", size = 7369273, upload-time = "2025-05-06T08:42:57.297Z" },
    { url = "https://files.pythonhosted.org/packages/a6/76/aac7edf7aef8df9d74c0c86d28c253f4795a758f3d1376de8ce541a218b6/tantivy-0.24.0-cp311-cp311-macosx_10_12_x86_64.whl", hash = "sha256:41105b984310363a57e6ee0dcb5385cc4ad484fb0f5c57fde2ce8ca0fcdb6c31", size = 3810692, upload-time = "2025-05-06T08:42:58.842Z" },
    { url = "https://files.pythonhosted.org/packages/fc/fe/e535d7b17c66bbb18c92de786ea9c94c47cb0a26bc6c74d9de17ca85ec5b/tantivy-0.24.0-cp311-cp311-manylinux_2_17_aarch64.manylinux2014_aarch64.whl", hash = "sha256:b1958accf29e18c400e3c9e8bec4d5a093b1478243a4dc9a097213c7b0883b3c", size = 4011032, upload-time = "2025-05-06T08:43:00.84Z" },
    { url = "https://files.pythonhosted.org/packages/14/a2/741fbef78131452590583bcf6e45532fa9c5cd41597596a7c797a15fa7d5/tantivy-0.24.0-cp311-cp311-manylinux_2_17_x86_64.manylinux2014_x86_64.whl", hash = "sha256:ec5ad8578cd190d1a09839bb8add732edb4414e04e1b3a3f13dcfa9af5ceb347", size = 4138213, upload-time = "2025-05-06T08:43:02.695Z" },
    { url = "https://files.pythonhosted.org/packages/b9/24/967d4c183aa8de8df37cea34d77d42f89f17674af80560474b8528dfe59f/tantivy-0.24.0-cp311-none-win_amd64.whl", hash = "sha256:0bc9dd935793cee66e18634a4c36756bf793637974ec16d6d9a72b789cae4d74", size = 3234536, upload-time = "2025-05-06T08:43:04.3Z" },
    { url = "https://files.pythonhosted.org/packages/ab/df/d4995c543f1a3c175b4b6acff3523a9b72c481910c220b696aa19e18f6ea/tantivy-0.24.0-cp312-cp312-macosx_10_12_x86_64.macosx_11_0_arm64.macosx_10_12_universal2.whl", hash = "sha256:1db056810986a7ca99cee25ae8121716febacc7a2002202cc96e1a32fe0ff132", size = 7347055, upload-time = "2025-05-06T08:43:06.208Z" },
    { url = "https://files.pythonhosted.org/packages/cc/9d/25c2ee964f3a34099c10e23d90aa0189a5d0a3dad648472d0812941eeada/tantivy-0.24.0-cp312-cp312-macosx_10_12_x86_64.whl", hash = "sha256:b723e1d52c2cffeb20a9c3661ae8e5a71bc527f97e01bb072cac8a93e7ba546d", size = 3799146, upload-time = "2025-05-06T08:43:08.085Z" },
    { url = "https://files.pythonhosted.org/packages/26/82/075d7b28a4d94f42042b88f7f945d82bea41325a78412b9921d25e4540d0/tantivy-0.24.0-cp312-cp312-manylinux_2_17_aarch64.manylinux2014_aarch64.whl", hash = "sha256:0ffdff6962043b9bb637d93dcdd3572e52f1a5f9a8edcfe75881d7fd2ea90b69", size = 4013969, upload-time = "2025-05-06T08:43:12.557Z" },
    { url = "https://files.pythonhosted.org/packages/f3/0d/79a503a130a65f8e608cb0f3394eadd6bb0926762c5812b352a65ff0820d/tantivy-0.24.0-cp312-cp312-manylinux_2_17_x86_64.manylinux2014_x86_64.whl", hash = "sha256:d349edd90f463bf51f8e0a6441e7129ec178e6d7df78a42b9bd9d68e4793c5cc", size = 4145814, upload-time = "2025-05-06T08:43:13.983Z" },
    { url = "https://files.pythonhosted.org/packages/2f/88/e351a1d477cbb59ba533c4859607836e937fcd2325760f63fb03137b11f1/tantivy-0.24.0-cp312-none-win_amd64.whl", hash = "sha256:eab1db72776b0c42f675cf4a7dd64b41de89290afcc4932e90f7b104fdaa2a58", size = 3234538, upload-time = "2025-05-06T08:43:15.654Z" },
    { url = "https://files.pythonhosted.org/packages/dc/92/5da712d452a96f1391fb87c08eab7808aeb741d229c4d7fe87f1a5d52674/tantivy-0.24.0-cp313-cp313-macosx_10_12_x86_64.macosx_11_0_arm64.macosx_10_12_universal2.whl", hash = "sha256:476752ba60b48f95c5182cdfd115491671b188d672f7af480189e27249a208ff", size = 7346061, upload-time = "2025-05-06T08:43:17.549Z" },
    { url = "https://files.pythonhosted.org/packages/1e/94/23fa66025c83abbfb33e6e6307eda37b5a1d74ab942d2f29bbb1b0379482/tantivy-0.24.0-cp313-cp313-macosx_10_12_x86_64.whl", hash = "sha256:3f474b8a18ababaddb930548e816ac9ed78fa1f24ab103b7befebd004c5124b1", size = 3798744, upload-time = "2025-05-06T08:43:19.089Z" },
    { url = "https://files.pythonhosted.org/packages/37/c2/43e41c756ab112a305a6051a8ea7771e58130117267302ac9ab51c8ee0a5/tantivy-0.24.0-cp313-cp313-manylinux_2_17_aarch64.manylinux2014_aarch64.whl", hash = "sha256:b18cc68b0cf8eb5c45935e225f2114252551ee9993799d5745f84dbd3adf8856", size = 4013858, upload-time = "2025-05-06T08:43:20.611Z" },
    { url = "https://files.pythonhosted.org/packages/ec/1b/35f07112b8c12e0ecf1795e48a81647a4bbd2bd3222c7aba070467cc9013/tantivy-0.24.0-cp313-cp313-manylinux_2_17_x86_64.manylinux2014_x86_64.whl", hash = "sha256:05ba05214eb1e935a3bff8dfd10af39c77fa4f1390ddb768b377b660e7eacdae", size = 4145635, upload-time = "2025-05-06T08:43:22.346Z" },
    { url = "https://files.pythonhosted.org/packages/90/8d/a235a6a1cb0e7dd54c5c7c8a58f64b41e5fc40261e22405ff200260be175/tantivy-0.24.0-cp313-none-win_amd64.whl", hash = "sha256:9191e256b466f45ab2db6001853a6194407a66ffd575751632ab2d9ed8558a65", size = 3233468, upload-time = "2025-05-06T08:43:23.803Z" },
    { url = "https://files.pythonhosted.org/packages/23/57/968d89a8b4d9be6ff85778f3af1b3a1434065281c8435a3d992e6d3a0290/tantivy-0.24.0-cp39-cp39-macosx_10_12_x86_64.macosx_11_0_arm64.macosx_10_12_universal2.whl", hash = "sha256:4212d03eac1949f212381ec87ce50091b6b9d0657fc75ac129f15b5c5bc1c0cf", size = 7370298, upload-time = "2025-05-06T08:43:25.421Z" },
    { url = "https://files.pythonhosted.org/packages/bf/c1/ccf77ece01e203e1f0398437701a02ffca7ede2b92e69beea2dcc3f1b241/tantivy-0.24.0-cp39-cp39-macosx_10_12_x86_64.whl", hash = "sha256:e62735615944bd407306021c5caadfec5801a2eef9c101ddc0e51d16b46b60ba", size = 3811044, upload-time = "2025-05-06T08:43:26.925Z" },
    { url = "https://files.pythonhosted.org/packages/d1/ad/2ddd672a71322f98d7ef51c0bc132553c66310dd6206ca192b69cc4f36b0/tantivy-0.24.0-cp39-cp39-manylinux_2_17_aarch64.manylinux2014_aarch64.whl", hash = "sha256:57e4be77441fbfb065112ad979abf4781965896585613ffc7d7fbfa660a8c039", size = 4011013, upload-time = "2025-05-06T08:43:28.338Z" },
    { url = "https://files.pythonhosted.org/packages/b1/60/10fc8a9c9288ba2ac59bfabd72ab4e3c7d70ac975210775e8c13cc7046c6/tantivy-0.24.0-cp39-cp39-manylinux_2_17_x86_64.manylinux2014_x86_64.whl", hash = "sha256:06732b06bd53d448908250956ee463a51a999d3300e09754315d658621ae74aa", size = 4138663, upload-time = "2025-05-06T08:43:29.798Z" },
    { url = "https://files.pythonhosted.org/packages/e6/0d/fcb858ab1cecacf680ed4ecabec44d21aac27516d7f3cdf9d10ba2efde10/tantivy-0.24.0-cp39-none-win_amd64.whl", hash = "sha256:7c8fa4567b64372feef26a794050b2f7e9a10fdc752cddd7e400091c73c34066", size = 3234901, upload-time = "2025-05-06T08:43:31.278Z" },
]

[[package]]
name = "typing-extensions"
version = "4.13.2"
source = { registry = "https://pypi.org/simple" }
sdist = { url = "https://files.pythonhosted.org/packages/f6/37/23083fcd6e35492953e8d2aaaa68b860eb422b34627b13f2ce3eb6106061/typing_extensions-4.13.2.tar.gz", hash = "sha256:e6c81219bd689f51865d9e372991c540bda33a0379d5573cddb9a3a23f7caaef", size = 106967, upload-time = "2025-04-10T14:19:05.416Z" }
wheels = [
    { url = "https://files.pythonhosted.org/packages/8b/54/b1ae86c0973cc6f0210b53d508ca3641fb6d0c56823f288d108bc7ab3cc8/typing_extensions-4.13.2-py3-none-any.whl", hash = "sha256:a439e7c04b49fec3e5d3e2beaa21755cadbbdc391694e28ccdd36ca4a1408f8c", size = 45806, upload-time = "2025-04-10T14:19:03.967Z" },
]
